
Microsoft Visual Studio Solution File, Format Version 12.00
# Visual Studio Version 17
VisualStudioVersion = 17.1.32319.34
MinimumVisualStudioVersion = 10.0.40219.1
Project("{FAE04EC0-301F-11D3-BF4B-00C04F79EFBC}") = "BlazorSignIn.Server", "BlazorSignIn\Server\BlazorSignIn.Server.csproj", "{280BD4E9-C3AC-4FB7-9972-8ADB495F5CAB}"
EndProject
Project("{FAE04EC0-301F-11D3-BF4B-00C04F79EFBC}") = "BlazorSignIn.Client", "BlazorSignIn\Client\BlazorSignIn.Client.csproj", "{E986EA4E-E9D7-4F31-BB49-2EEA58D9FDC7}"
EndProject
Project("{FAE04EC0-301F-11D3-BF4B-00C04F79EFBC}") = "BlazorSignIn.Shared", "BlazorSignIn\Shared\BlazorSignIn.Shared.csproj", "{097D2E95-691C-4DCA-90D7-6F8A6B47E4AB}"
EndProject
Global
	GlobalSection(SolutionConfigurationPlatforms) = preSolution
		Debug|Any CPU = Debug|Any CPU
		Release|Any CPU = Release|Any CPU
	EndGlobalSection
	GlobalSection(ProjectConfigurationPlatforms) = postSolution
		{280BD4E9-C3AC-4FB7-9972-8ADB495F5CAB}.Debug|Any CPU.ActiveCfg = Debug|Any CPU
		{280BD4E9-C3AC-4FB7-9972-8ADB495F5CAB}.Debug|Any CPU.Build.0 = Debug|Any CPU
		{280BD4E9-C3AC-4FB7-9972-8ADB495F5CAB}.Release|Any CPU.ActiveCfg = Release|Any CPU
		{280BD4E9-C3AC-4FB7-9972-8ADB495F5CAB}.Release|Any CPU.Build.0 = Release|Any CPU
		{E986EA4E-E9D7-4F31-BB49-2EEA58D9FDC7}.Debug|Any CPU.ActiveCfg = Debug|Any CPU
		{E986EA4E-E9D7-4F31-BB49-2EEA58D9FDC7}.Debug|Any CPU.Build.0 = Debug|Any CPU
		{E986EA4E-E9D7-4F31-BB49-2EEA58D9FDC7}.Release|Any CPU.ActiveCfg = Release|Any CPU
		{E986EA4E-E9D7-4F31-BB49-2EEA58D9FDC7}.Release|Any CPU.Build.0 = Release|Any CPU
		{097D2E95-691C-4DCA-90D7-6F8A6B47E4AB}.Debug|Any CPU.ActiveCfg = Debug|Any CPU
		{097D2E95-691C-4DCA-90D7-6F8A6B47E4AB}.Debug|Any CPU.Build.0 = Debug|Any CPU
		{097D2E95-691C-4DCA-90D7-6F8A6B47E4AB}.Release|Any CPU.ActiveCfg = Release|Any CPU
		{097D2E95-691C-4DCA-90D7-6F8A6B47E4AB}.Release|Any CPU.Build.0 = Release|Any CPU
	EndGlobalSection
	GlobalSection(SolutionProperties) = preSolution
		HideSolutionNode = FALSE
	EndGlobalSection
	GlobalSection(ExtensibilityGlobals) = postSolution
		SolutionGuid = {5E46D45A-F9C0-48EE-9559-CD950E456301}
	EndGlobalSection
EndGlobal
